{
	"name": "@ruhnn/test",
	"version": "0.0.11-beta.1",
	"lockfileVersion": 1,
	"requires": true,
	"dependencies": {
		"jquery": {
			"version": "3.5.0",
			"resolved": "https://registry.npm.taobao.org/jquery/download/jquery-3.5.0.tgz",
			"integrity": "sha1-mYC5fZ5BlGEcNlMOfcRqWNc0D8k="
		},
		"moment": {
			"version": "2.24.0",
			"resolved": "https://registry.npmjs.org/moment/-/moment-2.24.0.tgz",
			"integrity": "sha512-bV7f+6l2QigeBBZSM/6yTNq4P2fNpSWj/0e7jQcy87A8e7o2nAfP/34/2ky5Vw4B9S446EtIhodAzkFCcR4dQg=="
		}
	}
}
