{
	"name": "@ruhnn/test",
	"version": "0.0.11-beta.1",
	"lockfileVersion": 1,
	"requires": true,
	"dependencies": {
		"jquery": {
			"version": "3.4.1",
			"resolved": "https://registry.npmjs.org/jquery/-/jquery-3.4.1.tgz",
			"integrity": "sha512-36+AdBzCL+y6qjw5Tx7HgzeGCzC81MDDgaUP8ld2zhx58HdqXGoBd+tHdrBMiyjGQs0Hxs/MLZTu/eHNJJuWPw=="
		},
		"moment": {
			"version": "2.29.4",
			"resolved": "https://registry.npmmirror.com/moment/-/moment-2.29.4.tgz",
			"integrity": "sha512-5LC9SOxjSc2HF6vO2CyuTDNivEdoz2IvyJJGj6X8DJ0eFyfszE0QiEd+iXmBvUP3WHxSjFH/vIsA0EN00cgr8w=="
		}
	}
}
